
Microsoft Visual Studio Solution File, Format Version 12.00
# Visual Studio Version 17
VisualStudioVersion = 17.7.34221.43
MinimumVisualStudioVersion = 10.0.40219.1
Project("{FAE04EC0-301F-11D3-BF4B-00C04F79EFBC}") = "SPLab", "SPLab\SPLab.csproj", "{0460D32E-27F4-485C-9982-5FD9F1BF16B0}"
EndProject
Global
	GlobalSection(SolutionConfigurationPlatforms) = preSolution
		Debug|Any CPU = Debug|Any CPU
		Release|Any CPU = Release|Any CPU
	EndGlobalSection
	GlobalSection(ProjectConfigurationPlatforms) = postSolution
		{0460D32E-27F4-485C-9982-5FD9F1BF16B0}.Debug|Any CPU.ActiveCfg = Debug|Any CPU
		{0460D32E-27F4-485C-9982-5FD9F1BF16B0}.Debug|Any CPU.Build.0 = Debug|Any CPU
		{0460D32E-27F4-485C-9982-5FD9F1BF16B0}.Release|Any CPU.ActiveCfg = Release|Any CPU
		{0460D32E-27F4-485C-9982-5FD9F1BF16B0}.Release|Any CPU.Build.0 = Release|Any CPU
	EndGlobalSection
	GlobalSection(SolutionProperties) = preSolution
		HideSolutionNode = FALSE
	EndGlobalSection
	GlobalSection(ExtensibilityGlobals) = postSolution
		SolutionGuid = {8AE9C88F-11EC-4C73-8485-F4138DFFAC84}
	EndGlobalSection
EndGlobal
